// !$*UTF8*$!
{
	archiveVersion = 1;
	classes = {
	};
	objectVersion = 56;
	objects = {

/* Begin PBXBuildFile section */
		E81365332C2DF47E00025C73 /* GameDeck.swift in Sources */ = {isa = PBXBuildFile; fileRef = E81365322C2DF47E00025C73 /* GameDeck.swift */; };
		E81365362C2F4C0300025C73 /* Navigation.swift in Sources */ = {isa = PBXBuildFile; fileRef = E81365352C2F4C0300025C73 /* Navigation.swift */; };
		E8219EEF2B04E77D003F44D9 /* StartView.swift in Sources */ = {isa = PBXBuildFile; fileRef = E8219EEE2B04E77D003F44D9 /* StartView.swift */; };
		E8219EF12B05818B003F44D9 /* CategoriesView.swift in Sources */ = {isa = PBXBuildFile; fileRef = E8219EF02B05818B003F44D9 /* CategoriesView.swift */; };
		E84A19872B0AA3F8008FFDDC /* MockStorage.swift in Sources */ = {isa = PBXBuildFile; fileRef = E84A19862B0AA3F8008FFDDC /* MockStorage.swift */; };
		E84A198A2B0AA4A4008FFDDC /* Deck.swift in Sources */ = {isa = PBXBuildFile; fileRef = E84A19892B0AA4A4008FFDDC /* Deck.swift */; };
		E85623132AF9868F00BECC3D /* FlashCa_SwiftUIApp.swift in Sources */ = {isa = PBXBuildFile; fileRef = E85623122AF9868F00BECC3D /* FlashCa_SwiftUIApp.swift */; };
		E85623152AF9868F00BECC3D /* ContentView.swift in Sources */ = {isa = PBXBuildFile; fileRef = E85623142AF9868F00BECC3D /* ContentView.swift */; };
		E85623172AF9868F00BECC3D /* Item.swift in Sources */ = {isa = PBXBuildFile; fileRef = E85623162AF9868F00BECC3D /* Item.swift */; };
		E85623192AF9869000BECC3D /* Assets.xcassets in Resources */ = {isa = PBXBuildFile; fileRef = E85623182AF9869000BECC3D /* Assets.xcassets */; };
		E856231C2AF9869000BECC3D /* Preview Assets.xcassets in Resources */ = {isa = PBXBuildFile; fileRef = E856231B2AF9869000BECC3D /* Preview Assets.xcassets */; };
		E85623232AF9879700BECC3D /* ExampleStartView.swift in Sources */ = {isa = PBXBuildFile; fileRef = E85623222AF9879700BECC3D /* ExampleStartView.swift */; };
		E8A58F0E2C35D005001D6F5B /* MainSreenView.swift in Sources */ = {isa = PBXBuildFile; fileRef = E8A58F0D2C35D005001D6F5B /* MainSreenView.swift */; };
		E8AE08462C234C470013AF51 /* Localizable.xcstrings in Resources */ = {isa = PBXBuildFile; fileRef = E8AE08452C234C470013AF51 /* Localizable.xcstrings */; };
		E8BEAE6B2C1F6BC100BEE5E2 /* CardView.swift in Sources */ = {isa = PBXBuildFile; fileRef = E8BEAE6A2C1F6BC000BEE5E2 /* CardView.swift */; };
		E8C816CC2BCBFA01004A3361 /* ListCellView.swift in Sources */ = {isa = PBXBuildFile; fileRef = E8C816CB2BCBFA01004A3361 /* ListCellView.swift */; };
		E8ED6B3D2C1A1D7600D39F8F /* Card.swift in Sources */ = {isa = PBXBuildFile; fileRef = E8ED6B3C2C1A1D7600D39F8F /* Card.swift */; };
/* End PBXBuildFile section */

/* Begin PBXFileReference section */
		E81365322C2DF47E00025C73 /* GameDeck.swift */ = {isa = PBXFileReference; lastKnownFileType = sourcecode.swift; path = GameDeck.swift; sourceTree = "<group>"; };
		E81365352C2F4C0300025C73 /* Navigation.swift */ = {isa = PBXFileReference; lastKnownFileType = sourcecode.swift; path = Navigation.swift; sourceTree = "<group>"; };
		E8219EEE2B04E77D003F44D9 /* StartView.swift */ = {isa = PBXFileReference; lastKnownFileType = sourcecode.swift; path = StartView.swift; sourceTree = "<group>"; };
		E8219EF02B05818B003F44D9 /* CategoriesView.swift */ = {isa = PBXFileReference; lastKnownFileType = sourcecode.swift; path = CategoriesView.swift; sourceTree = "<group>"; };
		E84A19862B0AA3F8008FFDDC /* MockStorage.swift */ = {isa = PBXFileReference; lastKnownFileType = sourcecode.swift; path = MockStorage.swift; sourceTree = "<group>"; };
		E84A19892B0AA4A4008FFDDC /* Deck.swift */ = {isa = PBXFileReference; lastKnownFileType = sourcecode.swift; path = Deck.swift; sourceTree = "<group>"; };
		E856230F2AF9868F00BECC3D /* FlashCa_SwiftUI.app */ = {isa = PBXFileReference; explicitFileType = wrapper.application; includeInIndex = 0; path = FlashCa_SwiftUI.app; sourceTree = BUILT_PRODUCTS_DIR; };
		E85623122AF9868F00BECC3D /* FlashCa_SwiftUIApp.swift */ = {isa = PBXFileReference; lastKnownFileType = sourcecode.swift; path = FlashCa_SwiftUIApp.swift; sourceTree = "<group>"; };
		E85623142AF9868F00BECC3D /* ContentView.swift */ = {isa = PBXFileReference; lastKnownFileType = sourcecode.swift; path = ContentView.swift; sourceTree = "<group>"; };
		E85623162AF9868F00BECC3D /* Item.swift */ = {isa = PBXFileReference; lastKnownFileType = sourcecode.swift; path = Item.swift; sourceTree = "<group>"; };
		E85623182AF9869000BECC3D /* Assets.xcassets */ = {isa = PBXFileReference; lastKnownFileType = folder.assetcatalog; path = Assets.xcassets; sourceTree = "<group>"; };
		E856231B2AF9869000BECC3D /* Preview Assets.xcassets */ = {isa = PBXFileReference; lastKnownFileType = folder.assetcatalog; path = "Preview Assets.xcassets"; sourceTree = "<group>"; };
		E85623222AF9879700BECC3D /* ExampleStartView.swift */ = {isa = PBXFileReference; lastKnownFileType = sourcecode.swift; path = ExampleStartView.swift; sourceTree = "<group>"; };
		E8A58F0D2C35D005001D6F5B /* MainSreenView.swift */ = {isa = PBXFileReference; lastKnownFileType = sourcecode.swift; path = MainSreenView.swift; sourceTree = "<group>"; };
		E8AE08452C234C470013AF51 /* Localizable.xcstrings */ = {isa = PBXFileReference; lastKnownFileType = text.json.xcstrings; path = Localizable.xcstrings; sourceTree = "<group>"; };
		E8BEAE6A2C1F6BC000BEE5E2 /* CardView.swift */ = {isa = PBXFileReference; lastKnownFileType = sourcecode.swift; path = CardView.swift; sourceTree = "<group>"; };
		E8C816CB2BCBFA01004A3361 /* ListCellView.swift */ = {isa = PBXFileReference; lastKnownFileType = sourcecode.swift; path = ListCellView.swift; sourceTree = "<group>"; };
		E8ED6B3C2C1A1D7600D39F8F /* Card.swift */ = {isa = PBXFileReference; lastKnownFileType = sourcecode.swift; path = Card.swift; sourceTree = "<group>"; };
/* End PBXFileReference section */

/* Begin PBXFrameworksBuildPhase section */
		E856230C2AF9868F00BECC3D /* Frameworks */ = {
			isa = PBXFrameworksBuildPhase;
			buildActionMask = 2147483647;
			files = (
			);
			runOnlyForDeploymentPostprocessing = 0;
		};
/* End PBXFrameworksBuildPhase section */

/* Begin PBXGroup section */
		E81365342C2F4BF600025C73 /* Navigation */ = {
			isa = PBXGroup;
			children = (
				E81365352C2F4C0300025C73 /* Navigation.swift */,
			);
			path = Navigation;
			sourceTree = "<group>";
		};
		E83538912C348CD5001F2DB2 /* App */ = {
			isa = PBXGroup;
			children = (
				E85623122AF9868F00BECC3D /* FlashCa_SwiftUIApp.swift */,
				E85623182AF9869000BECC3D /* Assets.xcassets */,
			);
			path = App;
			sourceTree = "<group>";
		};
		E83538922C348CF5001F2DB2 /* ScreenViews */ = {
			isa = PBXGroup;
			children = (
				E8219EEE2B04E77D003F44D9 /* StartView.swift */,
				E85623222AF9879700BECC3D /* ExampleStartView.swift */,
				E85623142AF9868F00BECC3D /* ContentView.swift */,
				E8219EF02B05818B003F44D9 /* CategoriesView.swift */,
				E8A58F0D2C35D005001D6F5B /* MainSreenView.swift */,
			);
			path = ScreenViews;
			sourceTree = "<group>";
		};
		E84A19852B0AA3D3008FFDDC /* Storage */ = {
			isa = PBXGroup;
			children = (
				E84A19862B0AA3F8008FFDDC /* MockStorage.swift */,
				E8C816CB2BCBFA01004A3361 /* ListCellView.swift */,
			);
			path = Storage;
			sourceTree = "<group>";
		};
		E84A19882B0AA480008FFDDC /* Models */ = {
			isa = PBXGroup;
			children = (
				E85623162AF9868F00BECC3D /* Item.swift */,
				E84A19892B0AA4A4008FFDDC /* Deck.swift */,
				E8ED6B3C2C1A1D7600D39F8F /* Card.swift */,
				E81365322C2DF47E00025C73 /* GameDeck.swift */,
			);
			path = Models;
			sourceTree = "<group>";
		};
		E85623062AF9868F00BECC3D = {
			isa = PBXGroup;
			children = (
				E85623112AF9868F00BECC3D /* FlashCa_SwiftUI */,
				E85623102AF9868F00BECC3D /* Products */,
			);
			sourceTree = "<group>";
		};
		E85623102AF9868F00BECC3D /* Products */ = {
			isa = PBXGroup;
			children = (
				E856230F2AF9868F00BECC3D /* FlashCa_SwiftUI.app */,
			);
			name = Products;
			sourceTree = "<group>";
		};
		E85623112AF9868F00BECC3D /* FlashCa_SwiftUI */ = {
			isa = PBXGroup;
			children = (
				E83538922C348CF5001F2DB2 /* ScreenViews */,
				E83538912C348CD5001F2DB2 /* App */,
				E81365342C2F4BF600025C73 /* Navigation */,
				E8AE08442C234C1C0013AF51 /* Localization */,
				E8BEAE692C1F6BAD00BEE5E2 /* ViewComponents */,
				E84A19882B0AA480008FFDDC /* Models */,
				E84A19852B0AA3D3008FFDDC /* Storage */,
				E856231A2AF9869000BECC3D /* Preview Content */,
			);
			path = FlashCa_SwiftUI;
			sourceTree = "<group>";
		};
		E856231A2AF9869000BECC3D /* Preview Content */ = {
			isa = PBXGroup;
			children = (
				E856231B2AF9869000BECC3D /* Preview Assets.xcassets */,
			);
			path = "Preview Content";
			sourceTree = "<group>";
		};
		E8AE08442C234C1C0013AF51 /* Localization */ = {
			isa = PBXGroup;
			children = (
				E8AE08452C234C470013AF51 /* Localizable.xcstrings */,
			);
			path = Localization;
			sourceTree = "<group>";
		};
		E8BEAE692C1F6BAD00BEE5E2 /* ViewComponents */ = {
			isa = PBXGroup;
			children = (
				E8BEAE6A2C1F6BC000BEE5E2 /* CardView.swift */,
			);
			path = ViewComponents;
			sourceTree = "<group>";
		};
/* End PBXGroup section */

/* Begin PBXNativeTarget section */
		E856230E2AF9868F00BECC3D /* FlashCa_SwiftUI */ = {
			isa = PBXNativeTarget;
			buildConfigurationList = E856231F2AF9869000BECC3D /* Build configuration list for PBXNativeTarget "FlashCa_SwiftUI" */;
			buildPhases = (
				E856230B2AF9868F00BECC3D /* Sources */,
				E856230C2AF9868F00BECC3D /* Frameworks */,
				E856230D2AF9868F00BECC3D /* Resources */,
			);
			buildRules = (
			);
			dependencies = (
			);
			name = FlashCa_SwiftUI;
			productName = FlashCa_SwiftUI;
			productReference = E856230F2AF9868F00BECC3D /* FlashCa_SwiftUI.app */;
			productType = "com.apple.product-type.application";
		};
/* End PBXNativeTarget section */

/* Begin PBXProject section */
		E85623072AF9868F00BECC3D /* Project object */ = {
			isa = PBXProject;
			attributes = {
				BuildIndependentTargetsInParallel = 1;
				LastSwiftUpdateCheck = 1500;
				LastUpgradeCheck = 1540;
				TargetAttributes = {
					E856230E2AF9868F00BECC3D = {
						CreatedOnToolsVersion = 15.0.1;
					};
				};
			};
			buildConfigurationList = E856230A2AF9868F00BECC3D /* Build configuration list for PBXProject "FlashCa_SwiftUI" */;
			compatibilityVersion = "Xcode 14.0";
			developmentRegion = en;
			hasScannedForEncodings = 0;
			knownRegions = (
				en,
				Base,
				ru,
				fr,
				es,
			);
			mainGroup = E85623062AF9868F00BECC3D;
			productRefGroup = E85623102AF9868F00BECC3D /* Products */;
			projectDirPath = "";
			projectRoot = "";
			targets = (
				E856230E2AF9868F00BECC3D /* FlashCa_SwiftUI */,
			);
		};
/* End PBXProject section */

/* Begin PBXResourcesBuildPhase section */
		E856230D2AF9868F00BECC3D /* Resources */ = {
			isa = PBXResourcesBuildPhase;
			buildActionMask = 2147483647;
			files = (
				E856231C2AF9869000BECC3D /* Preview Assets.xcassets in Resources */,
				E85623192AF9869000BECC3D /* Assets.xcassets in Resources */,
				E8AE08462C234C470013AF51 /* Localizable.xcstrings in Resources */,
			);
			runOnlyForDeploymentPostprocessing = 0;
		};
/* End PBXResourcesBuildPhase section */

/* Begin PBXSourcesBuildPhase section */
		E856230B2AF9868F00BECC3D /* Sources */ = {
			isa = PBXSourcesBuildPhase;
			buildActionMask = 2147483647;
			files = (
				E85623152AF9868F00BECC3D /* ContentView.swift in Sources */,
				E84A19872B0AA3F8008FFDDC /* MockStorage.swift in Sources */,
				E8219EEF2B04E77D003F44D9 /* StartView.swift in Sources */,
				E8219EF12B05818B003F44D9 /* CategoriesView.swift in Sources */,
				E84A198A2B0AA4A4008FFDDC /* Deck.swift in Sources */,
				E85623172AF9868F00BECC3D /* Item.swift in Sources */,
				E85623132AF9868F00BECC3D /* FlashCa_SwiftUIApp.swift in Sources */,
				E8ED6B3D2C1A1D7600D39F8F /* Card.swift in Sources */,
				E85623232AF9879700BECC3D /* ExampleStartView.swift in Sources */,
				E81365362C2F4C0300025C73 /* Navigation.swift in Sources */,
				E8BEAE6B2C1F6BC100BEE5E2 /* CardView.swift in Sources */,
				E81365332C2DF47E00025C73 /* GameDeck.swift in Sources */,
				E8C816CC2BCBFA01004A3361 /* ListCellView.swift in Sources */,
				E8A58F0E2C35D005001D6F5B /* MainSreenView.swift in Sources */,
			);
			runOnlyForDeploymentPostprocessing = 0;
		};
/* End PBXSourcesBuildPhase section */

/* Begin XCBuildConfiguration section */
		E856231D2AF9869000BECC3D /* Debug */ = {
			isa = XCBuildConfiguration;
			buildSettings = {
				ALWAYS_SEARCH_USER_PATHS = NO;
				ASSETCATALOG_COMPILER_GENERATE_SWIFT_ASSET_SYMBOL_EXTENSIONS = YES;
				CLANG_ANALYZER_LOCALIZABILITY_NONLOCALIZED = YES;
				CLANG_ANALYZER_NONNULL = YES;
				CLANG_ANALYZER_NUMBER_OBJECT_CONVERSION = YES_AGGRESSIVE;
				CLANG_CXX_LANGUAGE_STANDARD = "gnu++20";
				CLANG_ENABLE_MODULES = YES;
				CLANG_ENABLE_OBJC_ARC = YES;
				CLANG_ENABLE_OBJC_WEAK = YES;
				CLANG_WARN_BLOCK_CAPTURE_AUTORELEASING = YES;
				CLANG_WARN_BOOL_CONVERSION = YES;
				CLANG_WARN_COMMA = YES;
				CLANG_WARN_CONSTANT_CONVERSION = YES;
				CLANG_WARN_DEPRECATED_OBJC_IMPLEMENTATIONS = YES;
				CLANG_WARN_DIRECT_OBJC_ISA_USAGE = YES_ERROR;
				CLANG_WARN_DOCUMENTATION_COMMENTS = YES;
				CLANG_WARN_EMPTY_BODY = YES;
				CLANG_WARN_ENUM_CONVERSION = YES;
				CLANG_WARN_INFINITE_RECURSION = YES;
				CLANG_WARN_INT_CONVERSION = YES;
				CLANG_WARN_NON_LITERAL_NULL_CONVERSION = YES;
				CLANG_WARN_OBJC_IMPLICIT_RETAIN_SELF = YES;
				CLANG_WARN_OBJC_LITERAL_CONVERSION = YES;
				CLANG_WARN_OBJC_ROOT_CLASS = YES_ERROR;
				CLANG_WARN_QUOTED_INCLUDE_IN_FRAMEWORK_HEADER = YES;
				CLANG_WARN_RANGE_LOOP_ANALYSIS = YES;
				CLANG_WARN_STRICT_PROTOTYPES = YES;
				CLANG_WARN_SUSPICIOUS_MOVE = YES;
				CLANG_WARN_UNGUARDED_AVAILABILITY = YES_AGGRESSIVE;
				CLANG_WARN_UNREACHABLE_CODE = YES;
				CLANG_WARN__DUPLICATE_METHOD_MATCH = YES;
				COPY_PHASE_STRIP = NO;
				DEBUG_INFORMATION_FORMAT = dwarf;
				ENABLE_STRICT_OBJC_MSGSEND = YES;
				ENABLE_TESTABILITY = YES;
				ENABLE_USER_SCRIPT_SANDBOXING = YES;
				GCC_C_LANGUAGE_STANDARD = gnu17;
				GCC_DYNAMIC_NO_PIC = NO;
				GCC_NO_COMMON_BLOCKS = YES;
				GCC_OPTIMIZATION_LEVEL = 0;
				GCC_PREPROCESSOR_DEFINITIONS = (
					"DEBUG=1",
					"$(inherited)",
				);
				GCC_WARN_64_TO_32_BIT_CONVERSION = YES;
				GCC_WARN_ABOUT_RETURN_TYPE = YES_ERROR;
				GCC_WARN_UNDECLARED_SELECTOR = YES;
				GCC_WARN_UNINITIALIZED_AUTOS = YES_AGGRESSIVE;
				GCC_WARN_UNUSED_FUNCTION = YES;
				GCC_WARN_UNUSED_VARIABLE = YES;
				IPHONEOS_DEPLOYMENT_TARGET = 17.0;
				LOCALIZATION_PREFERS_STRING_CATALOGS = YES;
				MTL_ENABLE_DEBUG_INFO = INCLUDE_SOURCE;
				MTL_FAST_MATH = YES;
				ONLY_ACTIVE_ARCH = YES;
				SDKROOT = iphoneos;
				SWIFT_ACTIVE_COMPILATION_CONDITIONS = "DEBUG $(inherited)";
				SWIFT_OPTIMIZATION_LEVEL = "-Onone";
			};
			name = Debug;
		};
		E856231E2AF9869000BECC3D /* Release */ = {
			isa = XCBuildConfiguration;
			buildSettings = {
				ALWAYS_SEARCH_USER_PATHS = NO;
				ASSETCATALOG_COMPILER_GENERATE_SWIFT_ASSET_SYMBOL_EXTENSIONS = YES;
				CLANG_ANALYZER_LOCALIZABILITY_NONLOCALIZED = YES;
				CLANG_ANALYZER_NONNULL = YES;
				CLANG_ANALYZER_NUMBER_OBJECT_CONVERSION = YES_AGGRESSIVE;
				CLANG_CXX_LANGUAGE_STANDARD = "gnu++20";
				CLANG_ENABLE_MODULES = YES;
				CLANG_ENABLE_OBJC_ARC = YES;
				CLANG_ENABLE_OBJC_WEAK = YES;
				CLANG_WARN_BLOCK_CAPTURE_AUTORELEASING = YES;
				CLANG_WARN_BOOL_CONVERSION = YES;
				CLANG_WARN_COMMA = YES;
				CLANG_WARN_CONSTANT_CONVERSION = YES;
				CLANG_WARN_DEPRECATED_OBJC_IMPLEMENTATIONS = YES;
				CLANG_WARN_DIRECT_OBJC_ISA_USAGE = YES_ERROR;
				CLANG_WARN_DOCUMENTATION_COMMENTS = YES;
				CLANG_WARN_EMPTY_BODY = YES;
				CLANG_WARN_ENUM_CONVERSION = YES;
				CLANG_WARN_INFINITE_RECURSION = YES;
				CLANG_WARN_INT_CONVERSION = YES;
				CLANG_WARN_NON_LITERAL_NULL_CONVERSION = YES;
				CLANG_WARN_OBJC_IMPLICIT_RETAIN_SELF = YES;
				CLANG_WARN_OBJC_LITERAL_CONVERSION = YES;
				CLANG_WARN_OBJC_ROOT_CLASS = YES_ERROR;
				CLANG_WARN_QUOTED_INCLUDE_IN_FRAMEWORK_HEADER = YES;
				CLANG_WARN_RANGE_LOOP_ANALYSIS = YES;
				CLANG_WARN_STRICT_PROTOTYPES = YES;
				CLANG_WARN_SUSPICIOUS_MOVE = YES;
				CLANG_WARN_UNGUARDED_AVAILABILITY = YES_AGGRESSIVE;
				CLANG_WARN_UNREACHABLE_CODE = YES;
				CLANG_WARN__DUPLICATE_METHOD_MATCH = YES;
				COPY_PHASE_STRIP = NO;
				DEBUG_INFORMATION_FORMAT = "dwarf-with-dsym";
				ENABLE_NS_ASSERTIONS = NO;
				ENABLE_STRICT_OBJC_MSGSEND = YES;
				ENABLE_USER_SCRIPT_SANDBOXING = YES;
				GCC_C_LANGUAGE_STANDARD = gnu17;
				GCC_NO_COMMON_BLOCKS = YES;
				GCC_WARN_64_TO_32_BIT_CONVERSION = YES;
				GCC_WARN_ABOUT_RETURN_TYPE = YES_ERROR;
				GCC_WARN_UNDECLARED_SELECTOR = YES;
				GCC_WARN_UNINITIALIZED_AUTOS = YES_AGGRESSIVE;
				GCC_WARN_UNUSED_FUNCTION = YES;
				GCC_WARN_UNUSED_VARIABLE = YES;
				IPHONEOS_DEPLOYMENT_TARGET = 17.0;
				LOCALIZATION_PREFERS_STRING_CATALOGS = YES;
				MTL_ENABLE_DEBUG_INFO = NO;
				MTL_FAST_MATH = YES;
				SDKROOT = iphoneos;
				SWIFT_COMPILATION_MODE = wholemodule;
				VALIDATE_PRODUCT = YES;
			};
			name = Release;
		};
		E85623202AF9869000BECC3D /* Debug */ = {
			isa = XCBuildConfiguration;
			buildSettings = {
				ASSETCATALOG_COMPILER_APPICON_NAME = AppIcon;
				ASSETCATALOG_COMPILER_GLOBAL_ACCENT_COLOR_NAME = AccentColor;
				CODE_SIGN_STYLE = Automatic;
				CURRENT_PROJECT_VERSION = 1;
				DEVELOPMENT_ASSET_PATHS = "\"FlashCa_SwiftUI/Preview Content\"";
				DEVELOPMENT_TEAM = 2Q7FR5CHKB;
				ENABLE_PREVIEWS = YES;
				GENERATE_INFOPLIST_FILE = YES;
				INFOPLIST_KEY_UIApplicationSceneManifest_Generation = YES;
				INFOPLIST_KEY_UIApplicationSupportsIndirectInputEvents = YES;
				INFOPLIST_KEY_UILaunchScreen_Generation = YES;
				INFOPLIST_KEY_UISupportedInterfaceOrientations_iPad = "UIInterfaceOrientationPortrait UIInterfaceOrientationPortraitUpsideDown UIInterfaceOrientationLandscapeLeft UIInterfaceOrientationLandscapeRight";
				INFOPLIST_KEY_UISupportedInterfaceOrientations_iPhone = "UIInterfaceOrientationPortrait UIInterfaceOrientationLandscapeLeft UIInterfaceOrientationLandscapeRight";
				LD_RUNPATH_SEARCH_PATHS = (
					"$(inherited)",
					"@executable_path/Frameworks",
				);
				MARKETING_VERSION = 1.0;
				PRODUCT_BUNDLE_IDENTIFIER = "com.FlashCa.ios.FlashCa-SwiftUI";
				PRODUCT_NAME = "$(TARGET_NAME)";
				SWIFT_EMIT_LOC_STRINGS = YES;
				SWIFT_VERSION = 5.0;
				TARGETED_DEVICE_FAMILY = "1,2";
			};
			name = Debug;
		};
		E85623212AF9869000BECC3D /* Release */ = {
			isa = XCBuildConfiguration;
			buildSettings = {
				ASSETCATALOG_COMPILER_APPICON_NAME = AppIcon;
				ASSETCATALOG_COMPILER_GLOBAL_ACCENT_COLOR_NAME = AccentColor;
				CODE_SIGN_STYLE = Automatic;
				CURRENT_PROJECT_VERSION = 1;
				DEVELOPMENT_ASSET_PATHS = "\"FlashCa_SwiftUI/Preview Content\"";
				DEVELOPMENT_TEAM = 2Q7FR5CHKB;
				ENABLE_PREVIEWS = YES;
				GENERATE_INFOPLIST_FILE = YES;
				INFOPLIST_KEY_UIApplicationSceneManifest_Generation = YES;
				INFOPLIST_KEY_UIApplicationSupportsIndirectInputEvents = YES;
				INFOPLIST_KEY_UILaunchScreen_Generation = YES;
				INFOPLIST_KEY_UISupportedInterfaceOrientations_iPad = "UIInterfaceOrientationPortrait UIInterfaceOrientationPortraitUpsideDown UIInterfaceOrientationLandscapeLeft UIInterfaceOrientationLandscapeRight";
				INFOPLIST_KEY_UISupportedInterfaceOrientations_iPhone = "UIInterfaceOrientationPortrait UIInterfaceOrientationLandscapeLeft UIInterfaceOrientationLandscapeRight";
				LD_RUNPATH_SEARCH_PATHS = (
					"$(inherited)",
					"@executable_path/Frameworks",
				);
				MARKETING_VERSION = 1.0;
				PRODUCT_BUNDLE_IDENTIFIER = "com.FlashCa.ios.FlashCa-SwiftUI";
				PRODUCT_NAME = "$(TARGET_NAME)";
				SWIFT_EMIT_LOC_STRINGS = YES;
				SWIFT_VERSION = 5.0;
				TARGETED_DEVICE_FAMILY = "1,2";
			};
			name = Release;
		};
/* End XCBuildConfiguration section */

/* Begin XCConfigurationList section */
		E856230A2AF9868F00BECC3D /* Build configuration list for PBXProject "FlashCa_SwiftUI" */ = {
			isa = XCConfigurationList;
			buildConfigurations = (
				E856231D2AF9869000BECC3D /* Debug */,
				E856231E2AF9869000BECC3D /* Release */,
			);
			defaultConfigurationIsVisible = 0;
			defaultConfigurationName = Release;
		};
		E856231F2AF9869000BECC3D /* Build configuration list for PBXNativeTarget "FlashCa_SwiftUI" */ = {
			isa = XCConfigurationList;
			buildConfigurations = (
				E85623202AF9869000BECC3D /* Debug */,
				E85623212AF9869000BECC3D /* Release */,
			);
			defaultConfigurationIsVisible = 0;
			defaultConfigurationName = Release;
		};
/* End XCConfigurationList section */
	};
	rootObject = E85623072AF9868F00BECC3D /* Project object */;
}
